
Microsoft Visual Studio Solution File, Format Version 12.00
# Visual Studio Version 17
VisualStudioVersion = 17.7.34031.279
MinimumVisualStudioVersion = 10.0.40219.1
Project("{FAE04EC0-301F-11D3-BF4B-00C04F79EFBC}") = "Websitebanhangdientu", "Websitebanhangdientu.csproj", "{464D45AB-30AF-4D31-A58D-E83EA5D1AF2A}"
EndProject
Global
	GlobalSection(SolutionConfigurationPlatforms) = preSolution
		Debug|Any CPU = Debug|Any CPU
		Release|Any CPU = Release|Any CPU
	EndGlobalSection
	GlobalSection(ProjectConfigurationPlatforms) = postSolution
		{464D45AB-30AF-4D31-A58D-E83EA5D1AF2A}.Debug|Any CPU.ActiveCfg = Debug|Any CPU
		{464D45AB-30AF-4D31-A58D-E83EA5D1AF2A}.Debug|Any CPU.Build.0 = Debug|Any CPU
		{464D45AB-30AF-4D31-A58D-E83EA5D1AF2A}.Release|Any CPU.ActiveCfg = Release|Any CPU
		{464D45AB-30AF-4D31-A58D-E83EA5D1AF2A}.Release|Any CPU.Build.0 = Release|Any CPU
	EndGlobalSection
	GlobalSection(SolutionProperties) = preSolution
		HideSolutionNode = FALSE
	EndGlobalSection
	GlobalSection(ExtensibilityGlobals) = postSolution
		SolutionGuid = {ED09475C-6C06-49B4-93E2-4B8FC4FD4762}
	EndGlobalSection
EndGlobal
